
Microsoft Visual Studio Solution File, Format Version 12.00
# Visual Studio Version 16
VisualStudioVersion = 16.0.30011.22
MinimumVisualStudioVersion = 10.0.40219.1
Project("{FAE04EC0-301F-11D3-BF4B-00C04F79EFBC}") = "fileMover", "fileMover\fileMover.csproj", "{20506B12-CB70-4029-AE5B-E59D5A3E4BBB}"
EndProject
Global
	GlobalSection(SolutionConfigurationPlatforms) = preSolution
		Debug|Any CPU = Debug|Any CPU
		Release|Any CPU = Release|Any CPU
	EndGlobalSection
	GlobalSection(ProjectConfigurationPlatforms) = postSolution
		{20506B12-CB70-4029-AE5B-E59D5A3E4BBB}.Debug|Any CPU.ActiveCfg = Debug|Any CPU
		{20506B12-CB70-4029-AE5B-E59D5A3E4BBB}.Debug|Any CPU.Build.0 = Debug|Any CPU
		{20506B12-CB70-4029-AE5B-E59D5A3E4BBB}.Release|Any CPU.ActiveCfg = Release|Any CPU
		{20506B12-CB70-4029-AE5B-E59D5A3E4BBB}.Release|Any CPU.Build.0 = Release|Any CPU
	EndGlobalSection
	GlobalSection(SolutionProperties) = preSolution
		HideSolutionNode = FALSE
	EndGlobalSection
	GlobalSection(ExtensibilityGlobals) = postSolution
		SolutionGuid = {14D41249-A2CD-47D6-8A5A-88615531FF66}
	EndGlobalSection
EndGlobal
